
Microsoft Visual Studio Solution File, Format Version 12.00
# Visual Studio Version 17
VisualStudioVersion = 17.7.34024.191
MinimumVisualStudioVersion = 10.0.40219.1
Project("{8BC9CEB8-8B4A-11D0-8D11-00A0C91BC942}") = "FinalProject", "FinalProject\FinalProject.vcxproj", "{0EE9A60B-B0E1-41BF-854C-64A96DCD49DF}"
EndProject
Global
	GlobalSection(SolutionConfigurationPlatforms) = preSolution
		Debug|x64 = Debug|x64
		Release|x64 = Release|x64
	EndGlobalSection
	GlobalSection(ProjectConfigurationPlatforms) = postSolution
		{0EE9A60B-B0E1-41BF-854C-64A96DCD49DF}.Debug|x64.ActiveCfg = Debug|x64
		{0EE9A60B-B0E1-41BF-854C-64A96DCD49DF}.Debug|x64.Build.0 = Debug|x64
		{0EE9A60B-B0E1-41BF-854C-64A96DCD49DF}.Release|x64.ActiveCfg = Release|x64
		{0EE9A60B-B0E1-41BF-854C-64A96DCD49DF}.Release|x64.Build.0 = Release|x64
	EndGlobalSection
	GlobalSection(SolutionProperties) = preSolution
		HideSolutionNode = FALSE
	EndGlobalSection
	GlobalSection(ExtensibilityGlobals) = postSolution
		SolutionGuid = {DD6D42E0-0890-450D-971B-71C9DA27229E}
	EndGlobalSection
EndGlobal
